
Microsoft Visual Studio Solution File, Format Version 12.00
# Visual Studio Version 17
VisualStudioVersion = 17.10.34814.14
MinimumVisualStudioVersion = 10.0.40219.1
Project("{2150E333-8FDC-42A3-9474-1A3956D46DE8}") = "1.Fundamentals", "1.Fundamentals", "{87B14C17-E3CE-4C89-BC56-1F15D58DAF7C}"
EndProject
Project("{2150E333-8FDC-42A3-9474-1A3956D46DE8}") = "src", "src", "{B0F54DB2-2FBE-4911-A1FD-8EE83B13BA8C}"
EndProject
Project("{2150E333-8FDC-42A3-9474-1A3956D46DE8}") = "test", "test", "{FD5E6624-3E99-4F5B-9962-5C4343FCC20D}"
EndProject
Project("{2150E333-8FDC-42A3-9474-1A3956D46DE8}") = "2.Techniques", "2.Techniques", "{E4948EA3-C74A-41E3-BD45-7B7E06EC7002}"
EndProject
Project("{9A19103F-16F7-4668-BE54-9A1E7A4F7556}") = "CalculatorLibrary", "1.Fundamentals\CalculatorLibrary\CalculatorLibrary.csproj", "{7C0B2499-3149-4FC3-BBDF-20E01FFC7BB9}"
EndProject
Project("{9A19103F-16F7-4668-BE54-9A1E7A4F7556}") = "CalculatorLibrary.Tests.Unit", "1.Fundamentals\CalculatorLibrary.Test\CalculatorLibrary.Tests.Unit.csproj", "{850C7E98-BDA4-4F4F-8E91-DD828C08B504}"
EndProject
Project("{2150E333-8FDC-42A3-9474-1A3956D46DE8}") = "src", "src", "{C49989F5-005B-497D-B4F5-1F7FD28481AE}"
EndProject
Project("{2150E333-8FDC-42A3-9474-1A3956D46DE8}") = "test", "test", "{03BAF1A4-7033-467A-B9A4-F58B2BD99E51}"
EndProject
Project("{9A19103F-16F7-4668-BE54-9A1E7A4F7556}") = "TestingTechniques", "2.Techniques\TestingTechniques\TestingTechniques.csproj", "{96A17FB4-1AF1-4525-B85D-8DC082621266}"
EndProject
Project("{9A19103F-16F7-4668-BE54-9A1E7A4F7556}") = "TestingTechniques.Tests.Unit", "2.Techniques\TestingTechniques.Tests.Unit\TestingTechniques.Tests.Unit.csproj", "{284C7C40-F394-4582-A226-DCE7009BF229}"
EndProject
Project("{2150E333-8FDC-42A3-9474-1A3956D46DE8}") = "3.Concepts", "3.Concepts", "{35E1D990-DEE5-4589-A29B-43975BC2C9DD}"
EndProject
Project("{2150E333-8FDC-42A3-9474-1A3956D46DE8}") = "src", "src", "{AEAAB580-BAE0-4019-B332-9DFE8B299C63}"
EndProject
Project("{2150E333-8FDC-42A3-9474-1A3956D46DE8}") = "test", "test", "{D3945CB7-149A-4207-B884-54DE8BAF2E72}"
EndProject
Project("{9A19103F-16F7-4668-BE54-9A1E7A4F7556}") = "UnderstandingDependencies.Api", "3.Concepts\UnderstandingDependencies.Api\UnderstandingDependencies.Api.csproj", "{8C88028E-C4F1-42EB-8933-79316E090A4A}"
EndProject
Project("{9A19103F-16F7-4668-BE54-9A1E7A4F7556}") = "UnderstandingDependencies.Api.Tests.Unit", "3.Concepts\UnderstandingDependencies.Api.Tests.Unit\UnderstandingDependencies.Api.Tests.Unit.csproj", "{1300D06A-B3BB-4541-AF56-7FD2A4D309BB}"
EndProject
Project("{2150E333-8FDC-42A3-9474-1A3956D46DE8}") = "4.RealWorld", "4.RealWorld", "{6BD0BE17-9896-43F4-B3A7-481104440FC9}"
EndProject
Project("{2150E333-8FDC-42A3-9474-1A3956D46DE8}") = "src", "src", "{5D470FD3-C6A8-46EE-9C31-49F180802E16}"
EndProject
Project("{2150E333-8FDC-42A3-9474-1A3956D46DE8}") = "test", "test", "{7555F935-8975-4DA1-81CA-F3936136EC67}"
EndProject
Project("{FAE04EC0-301F-11D3-BF4B-00C04F79EFBC}") = "Users.Api", "4.RealWorld\Users.Api\Users.Api.csproj", "{79687D02-4751-4D11-BE81-F4D5EE1E7D42}"
EndProject
Project("{FAE04EC0-301F-11D3-BF4B-00C04F79EFBC}") = "Users.Api.Tests.Unit", "4.RealWorld\Users.Api.Tests.Unit\Users.Api.Tests.Unit.csproj", "{FB8A8CFB-E449-4E8E-88F1-48F1C5E7FFFB}"
EndProject
Global
	GlobalSection(SolutionConfigurationPlatforms) = preSolution
		Debug|Any CPU = Debug|Any CPU
		Release|Any CPU = Release|Any CPU
	EndGlobalSection
	GlobalSection(ProjectConfigurationPlatforms) = postSolution
		{7C0B2499-3149-4FC3-BBDF-20E01FFC7BB9}.Debug|Any CPU.ActiveCfg = Debug|Any CPU
		{7C0B2499-3149-4FC3-BBDF-20E01FFC7BB9}.Debug|Any CPU.Build.0 = Debug|Any CPU
		{7C0B2499-3149-4FC3-BBDF-20E01FFC7BB9}.Release|Any CPU.ActiveCfg = Release|Any CPU
		{7C0B2499-3149-4FC3-BBDF-20E01FFC7BB9}.Release|Any CPU.Build.0 = Release|Any CPU
		{850C7E98-BDA4-4F4F-8E91-DD828C08B504}.Debug|Any CPU.ActiveCfg = Debug|Any CPU
		{850C7E98-BDA4-4F4F-8E91-DD828C08B504}.Debug|Any CPU.Build.0 = Debug|Any CPU
		{850C7E98-BDA4-4F4F-8E91-DD828C08B504}.Release|Any CPU.ActiveCfg = Release|Any CPU
		{850C7E98-BDA4-4F4F-8E91-DD828C08B504}.Release|Any CPU.Build.0 = Release|Any CPU
		{96A17FB4-1AF1-4525-B85D-8DC082621266}.Debug|Any CPU.ActiveCfg = Debug|Any CPU
		{96A17FB4-1AF1-4525-B85D-8DC082621266}.Debug|Any CPU.Build.0 = Debug|Any CPU
		{96A17FB4-1AF1-4525-B85D-8DC082621266}.Release|Any CPU.ActiveCfg = Release|Any CPU
		{96A17FB4-1AF1-4525-B85D-8DC082621266}.Release|Any CPU.Build.0 = Release|Any CPU
		{284C7C40-F394-4582-A226-DCE7009BF229}.Debug|Any CPU.ActiveCfg = Debug|Any CPU
		{284C7C40-F394-4582-A226-DCE7009BF229}.Debug|Any CPU.Build.0 = Debug|Any CPU
		{284C7C40-F394-4582-A226-DCE7009BF229}.Release|Any CPU.ActiveCfg = Release|Any CPU
		{284C7C40-F394-4582-A226-DCE7009BF229}.Release|Any CPU.Build.0 = Release|Any CPU
		{8C88028E-C4F1-42EB-8933-79316E090A4A}.Debug|Any CPU.ActiveCfg = Debug|Any CPU
		{8C88028E-C4F1-42EB-8933-79316E090A4A}.Debug|Any CPU.Build.0 = Debug|Any CPU
		{8C88028E-C4F1-42EB-8933-79316E090A4A}.Release|Any CPU.ActiveCfg = Release|Any CPU
		{8C88028E-C4F1-42EB-8933-79316E090A4A}.Release|Any CPU.Build.0 = Release|Any CPU
		{1300D06A-B3BB-4541-AF56-7FD2A4D309BB}.Debug|Any CPU.ActiveCfg = Debug|Any CPU
		{1300D06A-B3BB-4541-AF56-7FD2A4D309BB}.Debug|Any CPU.Build.0 = Debug|Any CPU
		{1300D06A-B3BB-4541-AF56-7FD2A4D309BB}.Release|Any CPU.ActiveCfg = Release|Any CPU
		{1300D06A-B3BB-4541-AF56-7FD2A4D309BB}.Release|Any CPU.Build.0 = Release|Any CPU
		{79687D02-4751-4D11-BE81-F4D5EE1E7D42}.Debug|Any CPU.ActiveCfg = Debug|Any CPU
		{79687D02-4751-4D11-BE81-F4D5EE1E7D42}.Debug|Any CPU.Build.0 = Debug|Any CPU
		{79687D02-4751-4D11-BE81-F4D5EE1E7D42}.Release|Any CPU.ActiveCfg = Release|Any CPU
		{79687D02-4751-4D11-BE81-F4D5EE1E7D42}.Release|Any CPU.Build.0 = Release|Any CPU
		{FB8A8CFB-E449-4E8E-88F1-48F1C5E7FFFB}.Debug|Any CPU.ActiveCfg = Debug|Any CPU
		{FB8A8CFB-E449-4E8E-88F1-48F1C5E7FFFB}.Debug|Any CPU.Build.0 = Debug|Any CPU
		{FB8A8CFB-E449-4E8E-88F1-48F1C5E7FFFB}.Release|Any CPU.ActiveCfg = Release|Any CPU
		{FB8A8CFB-E449-4E8E-88F1-48F1C5E7FFFB}.Release|Any CPU.Build.0 = Release|Any CPU
	EndGlobalSection
	GlobalSection(SolutionProperties) = preSolution
		HideSolutionNode = FALSE
	EndGlobalSection
	GlobalSection(NestedProjects) = preSolution
		{B0F54DB2-2FBE-4911-A1FD-8EE83B13BA8C} = {87B14C17-E3CE-4C89-BC56-1F15D58DAF7C}
		{FD5E6624-3E99-4F5B-9962-5C4343FCC20D} = {87B14C17-E3CE-4C89-BC56-1F15D58DAF7C}
		{7C0B2499-3149-4FC3-BBDF-20E01FFC7BB9} = {B0F54DB2-2FBE-4911-A1FD-8EE83B13BA8C}
		{850C7E98-BDA4-4F4F-8E91-DD828C08B504} = {FD5E6624-3E99-4F5B-9962-5C4343FCC20D}
		{C49989F5-005B-497D-B4F5-1F7FD28481AE} = {E4948EA3-C74A-41E3-BD45-7B7E06EC7002}
		{03BAF1A4-7033-467A-B9A4-F58B2BD99E51} = {E4948EA3-C74A-41E3-BD45-7B7E06EC7002}
		{96A17FB4-1AF1-4525-B85D-8DC082621266} = {C49989F5-005B-497D-B4F5-1F7FD28481AE}
		{284C7C40-F394-4582-A226-DCE7009BF229} = {03BAF1A4-7033-467A-B9A4-F58B2BD99E51}
		{AEAAB580-BAE0-4019-B332-9DFE8B299C63} = {35E1D990-DEE5-4589-A29B-43975BC2C9DD}
		{D3945CB7-149A-4207-B884-54DE8BAF2E72} = {35E1D990-DEE5-4589-A29B-43975BC2C9DD}
		{8C88028E-C4F1-42EB-8933-79316E090A4A} = {AEAAB580-BAE0-4019-B332-9DFE8B299C63}
		{1300D06A-B3BB-4541-AF56-7FD2A4D309BB} = {D3945CB7-149A-4207-B884-54DE8BAF2E72}
		{5D470FD3-C6A8-46EE-9C31-49F180802E16} = {6BD0BE17-9896-43F4-B3A7-481104440FC9}
		{7555F935-8975-4DA1-81CA-F3936136EC67} = {6BD0BE17-9896-43F4-B3A7-481104440FC9}
		{79687D02-4751-4D11-BE81-F4D5EE1E7D42} = {5D470FD3-C6A8-46EE-9C31-49F180802E16}
		{FB8A8CFB-E449-4E8E-88F1-48F1C5E7FFFB} = {7555F935-8975-4DA1-81CA-F3936136EC67}
	EndGlobalSection
	GlobalSection(ExtensibilityGlobals) = postSolution
		SolutionGuid = {DBD19EC4-BB6B-49DC-B69C-C4D7D0DC3C84}
	EndGlobalSection
EndGlobal
